
Microsoft Visual Studio Solution File, Format Version 12.00
# Visual Studio Version 17
VisualStudioVersion = 17.9.34526.213
MinimumVisualStudioVersion = 10.0.40219.1
Project("{FAE04EC0-301F-11D3-BF4B-00C04F79EFBC}") = "GigaFix", "GigaFix\GigaFix.csproj", "{928C95EA-FBBE-4ED0-A07E-A57A1DCD4065}"
EndProject
Global
	GlobalSection(SolutionConfigurationPlatforms) = preSolution
		Debug|Any CPU = Debug|Any CPU
		Release|Any CPU = Release|Any CPU
	EndGlobalSection
	GlobalSection(ProjectConfigurationPlatforms) = postSolution
		{928C95EA-FBBE-4ED0-A07E-A57A1DCD4065}.Debug|Any CPU.ActiveCfg = Debug|Any CPU
		{928C95EA-FBBE-4ED0-A07E-A57A1DCD4065}.Debug|Any CPU.Build.0 = Debug|Any CPU
		{928C95EA-FBBE-4ED0-A07E-A57A1DCD4065}.Release|Any CPU.ActiveCfg = Release|Any CPU
		{928C95EA-FBBE-4ED0-A07E-A57A1DCD4065}.Release|Any CPU.Build.0 = Release|Any CPU
	EndGlobalSection
	GlobalSection(SolutionProperties) = preSolution
		HideSolutionNode = FALSE
	EndGlobalSection
	GlobalSection(ExtensibilityGlobals) = postSolution
		SolutionGuid = {0B987603-5787-4729-BB27-86963CC14B1C}
	EndGlobalSection
EndGlobal
